
Microsoft Visual Studio Solution File, Format Version 12.00
# Visual Studio Version 17
VisualStudioVersion = 17.14.36518.9
MinimumVisualStudioVersion = 10.0.40219.1
Project("{FAE04EC0-301F-11D3-BF4B-00C04F79EFBC}") = "Project", "Project.csproj", "{882F8D76-2BAB-448C-BFE5-2F88FC184692}"
EndProject
Project("{FAE04EC0-301F-11D3-BF4B-00C04F79EFBC}") = "TestProject3", "..\TestProject3\TestProject3.csproj", "{171ECCBE-3EF9-4293-A9DE-CEAC0A283FB7}"
EndProject
Project("{FAE04EC0-301F-11D3-BF4B-00C04F79EFBC}") = "WebApplication1", "..\WebApplication1\WebApplication1.csproj", "{7A89A7BA-E1F0-4EE4-A11D-1BF7295DF277}"
EndProject
Global
	GlobalSection(SolutionConfigurationPlatforms) = preSolution
		Debug|Any CPU = Debug|Any CPU
		Release|Any CPU = Release|Any CPU
	EndGlobalSection
	GlobalSection(ProjectConfigurationPlatforms) = postSolution
		{882F8D76-2BAB-448C-BFE5-2F88FC184692}.Debug|Any CPU.ActiveCfg = Debug|Any CPU
		{882F8D76-2BAB-448C-BFE5-2F88FC184692}.Debug|Any CPU.Build.0 = Debug|Any CPU
		{882F8D76-2BAB-448C-BFE5-2F88FC184692}.Release|Any CPU.ActiveCfg = Release|Any CPU
		{882F8D76-2BAB-448C-BFE5-2F88FC184692}.Release|Any CPU.Build.0 = Release|Any CPU
		{171ECCBE-3EF9-4293-A9DE-CEAC0A283FB7}.Debug|Any CPU.ActiveCfg = Debug|Any CPU
		{171ECCBE-3EF9-4293-A9DE-CEAC0A283FB7}.Debug|Any CPU.Build.0 = Debug|Any CPU
		{171ECCBE-3EF9-4293-A9DE-CEAC0A283FB7}.Release|Any CPU.ActiveCfg = Release|Any CPU
		{171ECCBE-3EF9-4293-A9DE-CEAC0A283FB7}.Release|Any CPU.Build.0 = Release|Any CPU
		{7A89A7BA-E1F0-4EE4-A11D-1BF7295DF277}.Debug|Any CPU.ActiveCfg = Debug|Any CPU
		{7A89A7BA-E1F0-4EE4-A11D-1BF7295DF277}.Debug|Any CPU.Build.0 = Debug|Any CPU
		{7A89A7BA-E1F0-4EE4-A11D-1BF7295DF277}.Release|Any CPU.ActiveCfg = Release|Any CPU
		{7A89A7BA-E1F0-4EE4-A11D-1BF7295DF277}.Release|Any CPU.Build.0 = Release|Any CPU
	EndGlobalSection
	GlobalSection(SolutionProperties) = preSolution
		HideSolutionNode = FALSE
	EndGlobalSection
	GlobalSection(ExtensibilityGlobals) = postSolution
		SolutionGuid = {8BA1B088-69E2-44AB-8E97-6B4DB3045806}
	EndGlobalSection
EndGlobal
